
Microsoft Visual Studio Solution File, Format Version 12.00
# Visual Studio Version 16
VisualStudioVersion = 16.0.30611.23
MinimumVisualStudioVersion = 10.0.40219.1
Project("{9A19103F-16F7-4668-BE54-9A1E7A4F7556}") = "Homework Arrays 2D-1", "Homework Arrays 2D\Homework Arrays 2D-1.csproj", "{045D5B15-C0D5-4554-859C-20DD486EB3A0}"
EndProject
Project("{9A19103F-16F7-4668-BE54-9A1E7A4F7556}") = "Homework Arrays 2D-2", "Homework Arrays 2D-2\Homework Arrays 2D-2.csproj", "{B4AC6B13-7C03-4C7E-9693-9B75996165A1}"
EndProject
Project("{9A19103F-16F7-4668-BE54-9A1E7A4F7556}") = "Homework Arrays 2D-3", "Homework Arrays 2D - 3\Homework Arrays 2D-3.csproj", "{0118811D-D333-4CAA-979E-2EFD1236C59D}"
EndProject
Project("{9A19103F-16F7-4668-BE54-9A1E7A4F7556}") = "Homework Arrays 2D-4", "Homework Arrays 2D-4\Homework Arrays 2D-4.csproj", "{460C6CAE-3079-4C16-8150-08E94E25656A}"
EndProject
Project("{9A19103F-16F7-4668-BE54-9A1E7A4F7556}") = "Homework Arrays 2D-5", "Homework Arrays 2D - 5\Homework Arrays 2D-5.csproj", "{32378A6E-B683-46CB-9F9D-BB296E5AC9FD}"
EndProject
Project("{9A19103F-16F7-4668-BE54-9A1E7A4F7556}") = "Homework Arrays 2D-6", "Homework Arrays 2D-6\Homework Arrays 2D-6.csproj", "{6E3B9456-B7ED-4CAC-88BE-67CA38F397B4}"
EndProject
Project("{9A19103F-16F7-4668-BE54-9A1E7A4F7556}") = "Homework Array 2D Tests", "Homework Array 2D Tests\Homework Array 2D Tests.csproj", "{69B4400D-EED4-4399-B0FA-C030407DE23E}"
EndProject
Project("{9A19103F-16F7-4668-BE54-9A1E7A4F7556}") = "Arrays2D", "Arrays 2D\Arrays2D.csproj", "{07404973-75B5-4D5D-8698-FDB558DAA0E1}"
EndProject
Global
	GlobalSection(SolutionConfigurationPlatforms) = preSolution
		Debug|Any CPU = Debug|Any CPU
		Release|Any CPU = Release|Any CPU
	EndGlobalSection
	GlobalSection(ProjectConfigurationPlatforms) = postSolution
		{045D5B15-C0D5-4554-859C-20DD486EB3A0}.Debug|Any CPU.ActiveCfg = Debug|Any CPU
		{045D5B15-C0D5-4554-859C-20DD486EB3A0}.Debug|Any CPU.Build.0 = Debug|Any CPU
		{045D5B15-C0D5-4554-859C-20DD486EB3A0}.Release|Any CPU.ActiveCfg = Release|Any CPU
		{045D5B15-C0D5-4554-859C-20DD486EB3A0}.Release|Any CPU.Build.0 = Release|Any CPU
		{B4AC6B13-7C03-4C7E-9693-9B75996165A1}.Debug|Any CPU.ActiveCfg = Debug|Any CPU
		{B4AC6B13-7C03-4C7E-9693-9B75996165A1}.Debug|Any CPU.Build.0 = Debug|Any CPU
		{B4AC6B13-7C03-4C7E-9693-9B75996165A1}.Release|Any CPU.ActiveCfg = Release|Any CPU
		{B4AC6B13-7C03-4C7E-9693-9B75996165A1}.Release|Any CPU.Build.0 = Release|Any CPU
		{0118811D-D333-4CAA-979E-2EFD1236C59D}.Debug|Any CPU.ActiveCfg = Debug|Any CPU
		{0118811D-D333-4CAA-979E-2EFD1236C59D}.Debug|Any CPU.Build.0 = Debug|Any CPU
		{0118811D-D333-4CAA-979E-2EFD1236C59D}.Release|Any CPU.ActiveCfg = Release|Any CPU
		{0118811D-D333-4CAA-979E-2EFD1236C59D}.Release|Any CPU.Build.0 = Release|Any CPU
		{460C6CAE-3079-4C16-8150-08E94E25656A}.Debug|Any CPU.ActiveCfg = Debug|Any CPU
		{460C6CAE-3079-4C16-8150-08E94E25656A}.Debug|Any CPU.Build.0 = Debug|Any CPU
		{460C6CAE-3079-4C16-8150-08E94E25656A}.Release|Any CPU.ActiveCfg = Release|Any CPU
		{460C6CAE-3079-4C16-8150-08E94E25656A}.Release|Any CPU.Build.0 = Release|Any CPU
		{32378A6E-B683-46CB-9F9D-BB296E5AC9FD}.Debug|Any CPU.ActiveCfg = Debug|Any CPU
		{32378A6E-B683-46CB-9F9D-BB296E5AC9FD}.Debug|Any CPU.Build.0 = Debug|Any CPU
		{32378A6E-B683-46CB-9F9D-BB296E5AC9FD}.Release|Any CPU.ActiveCfg = Release|Any CPU
		{32378A6E-B683-46CB-9F9D-BB296E5AC9FD}.Release|Any CPU.Build.0 = Release|Any CPU
		{6E3B9456-B7ED-4CAC-88BE-67CA38F397B4}.Debug|Any CPU.ActiveCfg = Debug|Any CPU
		{6E3B9456-B7ED-4CAC-88BE-67CA38F397B4}.Debug|Any CPU.Build.0 = Debug|Any CPU
		{6E3B9456-B7ED-4CAC-88BE-67CA38F397B4}.Release|Any CPU.ActiveCfg = Release|Any CPU
		{6E3B9456-B7ED-4CAC-88BE-67CA38F397B4}.Release|Any CPU.Build.0 = Release|Any CPU
		{69B4400D-EED4-4399-B0FA-C030407DE23E}.Debug|Any CPU.ActiveCfg = Debug|Any CPU
		{69B4400D-EED4-4399-B0FA-C030407DE23E}.Debug|Any CPU.Build.0 = Debug|Any CPU
		{69B4400D-EED4-4399-B0FA-C030407DE23E}.Release|Any CPU.ActiveCfg = Release|Any CPU
		{69B4400D-EED4-4399-B0FA-C030407DE23E}.Release|Any CPU.Build.0 = Release|Any CPU
		{07404973-75B5-4D5D-8698-FDB558DAA0E1}.Debug|Any CPU.ActiveCfg = Debug|Any CPU
		{07404973-75B5-4D5D-8698-FDB558DAA0E1}.Debug|Any CPU.Build.0 = Debug|Any CPU
		{07404973-75B5-4D5D-8698-FDB558DAA0E1}.Release|Any CPU.ActiveCfg = Release|Any CPU
		{07404973-75B5-4D5D-8698-FDB558DAA0E1}.Release|Any CPU.Build.0 = Release|Any CPU
	EndGlobalSection
	GlobalSection(SolutionProperties) = preSolution
		HideSolutionNode = FALSE
	EndGlobalSection
	GlobalSection(ExtensibilityGlobals) = postSolution
		SolutionGuid = {0539297C-E14D-416C-803C-B1E88EA2771B}
	EndGlobalSection
EndGlobal
